
Microsoft Visual Studio Solution File, Format Version 10.00
# Visual Studio 2008
Project("{8BC9CEB8-8B4A-11D0-8D11-00A0C91BC942}") = "20140409", "20140409.vcproj", "{4DA9A6A2-79A2-412B-B584-70C99262EB9B}"
EndProject
Global
	GlobalSection(SolutionConfigurationPlatforms) = preSolution
		Debug|Win32 = Debug|Win32
		Release|Win32 = Release|Win32
	EndGlobalSection
	GlobalSection(ProjectConfigurationPlatforms) = postSolution
		{4DA9A6A2-79A2-412B-B584-70C99262EB9B}.Debug|Win32.ActiveCfg = Debug|Win32
		{4DA9A6A2-79A2-412B-B584-70C99262EB9B}.Debug|Win32.Build.0 = Debug|Win32
		{4DA9A6A2-79A2-412B-B584-70C99262EB9B}.Release|Win32.ActiveCfg = Release|Win32
		{4DA9A6A2-79A2-412B-B584-70C99262EB9B}.Release|Win32.Build.0 = Release|Win32
	EndGlobalSection
	GlobalSection(SolutionProperties) = preSolution
		HideSolutionNode = FALSE
	EndGlobalSection
EndGlobal
